
Microsoft Visual Studio Solution File, Format Version 12.00
# Visual Studio Version 17
VisualStudioVersion = 17.4.33213.308
MinimumVisualStudioVersion = 10.0.40219.1
Project("{9A19103F-16F7-4668-BE54-9A1E7A4F7556}") = "Shopping-Products", "Shopping-Products\Shopping-Products.csproj", "{4BE49309-CEAC-4F5A-BB1E-DB6D85F8BE50}"
EndProject
Global
	GlobalSection(SolutionConfigurationPlatforms) = preSolution
		Debug|Any CPU = Debug|Any CPU
		Release|Any CPU = Release|Any CPU
	EndGlobalSection
	GlobalSection(ProjectConfigurationPlatforms) = postSolution
		{4BE49309-CEAC-4F5A-BB1E-DB6D85F8BE50}.Debug|Any CPU.ActiveCfg = Debug|Any CPU
		{4BE49309-CEAC-4F5A-BB1E-DB6D85F8BE50}.Debug|Any CPU.Build.0 = Debug|Any CPU
		{4BE49309-CEAC-4F5A-BB1E-DB6D85F8BE50}.Release|Any CPU.ActiveCfg = Release|Any CPU
		{4BE49309-CEAC-4F5A-BB1E-DB6D85F8BE50}.Release|Any CPU.Build.0 = Release|Any CPU
	EndGlobalSection
	GlobalSection(SolutionProperties) = preSolution
		HideSolutionNode = FALSE
	EndGlobalSection
	GlobalSection(ExtensibilityGlobals) = postSolution
		SolutionGuid = {7E97FD7B-5899-4FB0-8591-996180B657AA}
	EndGlobalSection
EndGlobal
